
Microsoft Visual Studio Solution File, Format Version 12.00
# Visual Studio Version 16
VisualStudioVersion = 16.0.29613.14
MinimumVisualStudioVersion = 10.0.40219.1
Project("{9A19103F-16F7-4668-BE54-9A1E7A4F7556}") = "Terraria", "..\src\NTerraria\Terraria\Terraria.csproj", "{A93BB1D6-E639-466B-AFF5-CEC13F5D5FB3}"
EndProject
Project("{9A19103F-16F7-4668-BE54-9A1E7A4F7556}") = "ReLogic", "..\src\NTerraria\ReLogic\ReLogic.csproj", "{7B9F35F7-8341-4139-9FC7-06E594953C40}"
EndProject
Global
	GlobalSection(SolutionConfigurationPlatforms) = preSolution
		Debug|Any CPU = Debug|Any CPU
		Release|Any CPU = Release|Any CPU
		ServerDebug|Any CPU = ServerDebug|Any CPU
		ServerRelease|Any CPU = ServerRelease|Any CPU
	EndGlobalSection
	GlobalSection(ProjectConfigurationPlatforms) = postSolution
		{A93BB1D6-E639-466B-AFF5-CEC13F5D5FB3}.Debug|Any CPU.ActiveCfg = Debug|Any CPU
		{A93BB1D6-E639-466B-AFF5-CEC13F5D5FB3}.Debug|Any CPU.Build.0 = Debug|Any CPU
		{A93BB1D6-E639-466B-AFF5-CEC13F5D5FB3}.Release|Any CPU.ActiveCfg = Release|Any CPU
		{A93BB1D6-E639-466B-AFF5-CEC13F5D5FB3}.Release|Any CPU.Build.0 = Release|Any CPU
		{A93BB1D6-E639-466B-AFF5-CEC13F5D5FB3}.ServerDebug|Any CPU.ActiveCfg = ServerDebug|Any CPU
		{A93BB1D6-E639-466B-AFF5-CEC13F5D5FB3}.ServerDebug|Any CPU.Build.0 = ServerDebug|Any CPU
		{A93BB1D6-E639-466B-AFF5-CEC13F5D5FB3}.ServerRelease|Any CPU.ActiveCfg = ServerRelease|Any CPU
		{A93BB1D6-E639-466B-AFF5-CEC13F5D5FB3}.ServerRelease|Any CPU.Build.0 = ServerRelease|Any CPU
		{7B9F35F7-8341-4139-9FC7-06E594953C40}.Debug|Any CPU.ActiveCfg = Debug|Any CPU
		{7B9F35F7-8341-4139-9FC7-06E594953C40}.Debug|Any CPU.Build.0 = Debug|Any CPU
		{7B9F35F7-8341-4139-9FC7-06E594953C40}.Release|Any CPU.ActiveCfg = Release|Any CPU
		{7B9F35F7-8341-4139-9FC7-06E594953C40}.Release|Any CPU.Build.0 = Release|Any CPU
		{7B9F35F7-8341-4139-9FC7-06E594953C40}.ServerDebug|Any CPU.ActiveCfg = ServerDebug|Any CPU
		{7B9F35F7-8341-4139-9FC7-06E594953C40}.ServerDebug|Any CPU.Build.0 = ServerDebug|Any CPU
		{7B9F35F7-8341-4139-9FC7-06E594953C40}.ServerRelease|Any CPU.ActiveCfg = ServerRelease|Any CPU
		{7B9F35F7-8341-4139-9FC7-06E594953C40}.ServerRelease|Any CPU.Build.0 = ServerRelease|Any CPU
	EndGlobalSection
	GlobalSection(SolutionProperties) = preSolution
		HideSolutionNode = FALSE
	EndGlobalSection
	GlobalSection(ExtensibilityGlobals) = postSolution
		SolutionGuid = {7DE165EE-78BB-462F-BF7A-69CA101A2731}
	EndGlobalSection
EndGlobal
