
Microsoft Visual Studio Solution File, Format Version 12.00
# Visual Studio Version 16
VisualStudioVersion = 16.0.31112.23
MinimumVisualStudioVersion = 10.0.40219.1
Project("{9A19103F-16F7-4668-BE54-9A1E7A4F7556}") = "Terraria", "..\src\NTerraria\Terraria\Terraria.csproj", "{4C40CEFF-32E4-4E97-A4B1-3B89552D22B1}"
EndProject
Project("{9A19103F-16F7-4668-BE54-9A1E7A4F7556}") = "ReLogic", "..\src\NTerraria\ReLogic\ReLogic.csproj", "{20D59676-87C5-42B7-87A7-33C97A751C36}"
EndProject
Global
	GlobalSection(SolutionConfigurationPlatforms) = preSolution
		Debug|Any CPU = Debug|Any CPU
		Release|Any CPU = Release|Any CPU
		ServerDebug|Any CPU = ServerDebug|Any CPU
		ServerRelease|Any CPU = ServerRelease|Any CPU
	EndGlobalSection
	GlobalSection(ProjectConfigurationPlatforms) = postSolution
		{4C40CEFF-32E4-4E97-A4B1-3B89552D22B1}.Debug|Any CPU.ActiveCfg = Debug|Any CPU
		{4C40CEFF-32E4-4E97-A4B1-3B89552D22B1}.Debug|Any CPU.Build.0 = Debug|Any CPU
		{4C40CEFF-32E4-4E97-A4B1-3B89552D22B1}.Release|Any CPU.ActiveCfg = Release|Any CPU
		{4C40CEFF-32E4-4E97-A4B1-3B89552D22B1}.Release|Any CPU.Build.0 = Release|Any CPU
		{4C40CEFF-32E4-4E97-A4B1-3B89552D22B1}.ServerDebug|Any CPU.ActiveCfg = ServerDebug|Any CPU
		{4C40CEFF-32E4-4E97-A4B1-3B89552D22B1}.ServerDebug|Any CPU.Build.0 = ServerDebug|Any CPU
		{4C40CEFF-32E4-4E97-A4B1-3B89552D22B1}.ServerRelease|Any CPU.ActiveCfg = ServerRelease|Any CPU
		{4C40CEFF-32E4-4E97-A4B1-3B89552D22B1}.ServerRelease|Any CPU.Build.0 = ServerRelease|Any CPU
		{20D59676-87C5-42B7-87A7-33C97A751C36}.Debug|Any CPU.ActiveCfg = Debug|Any CPU
		{20D59676-87C5-42B7-87A7-33C97A751C36}.Debug|Any CPU.Build.0 = Debug|Any CPU
		{20D59676-87C5-42B7-87A7-33C97A751C36}.Release|Any CPU.ActiveCfg = Release|Any CPU
		{20D59676-87C5-42B7-87A7-33C97A751C36}.Release|Any CPU.Build.0 = Release|Any CPU
		{20D59676-87C5-42B7-87A7-33C97A751C36}.ServerDebug|Any CPU.ActiveCfg = ServerDebug|Any CPU
		{20D59676-87C5-42B7-87A7-33C97A751C36}.ServerDebug|Any CPU.Build.0 = ServerDebug|Any CPU
		{20D59676-87C5-42B7-87A7-33C97A751C36}.ServerRelease|Any CPU.ActiveCfg = ServerRelease|Any CPU
		{20D59676-87C5-42B7-87A7-33C97A751C36}.ServerRelease|Any CPU.Build.0 = ServerRelease|Any CPU
	EndGlobalSection
	GlobalSection(SolutionProperties) = preSolution
		HideSolutionNode = FALSE
	EndGlobalSection
	GlobalSection(ExtensibilityGlobals) = postSolution
		SolutionGuid = {9084A246-0467-426E-8FC9-542FED325E90}
	EndGlobalSection
EndGlobal
